
Microsoft Visual Studio Solution File, Format Version 12.00
# Visual Studio Version 17
VisualStudioVersion = 17.12.35707.178
MinimumVisualStudioVersion = 10.0.40219.1
Project("{FAE04EC0-301F-11D3-BF4B-00C04F79EFBC}") = "Abstracciones", "Abstracciones\Abstracciones.csproj", "{E69C116D-FFC4-46E7-9100-CE236FD8F8E0}"
EndProject
Project("{FAE04EC0-301F-11D3-BF4B-00C04F79EFBC}") = "DA", "DA\DA.csproj", "{1D8C92AD-CCB3-4AD0-8D3B-A222893EF44B}"
EndProject
Project("{FAE04EC0-301F-11D3-BF4B-00C04F79EFBC}") = "Flujo", "Flujo\Flujo.csproj", "{AA0A50DB-0B29-475C-9350-B9F16868C361}"
EndProject
Project("{00D1A9C2-B5F0-4AF3-8072-F6C62B433612}") = "DB", "DB\DB.sqlproj", "{2D32DADE-EF31-430E-97D1-6A356EB2316B}"
EndProject
Project("{FAE04EC0-301F-11D3-BF4B-00C04F79EFBC}") = "API", "API\API.csproj", "{85B890D7-10DC-4DF9-B93C-17F1D45C1A2E}"
EndProject
Project("{FAE04EC0-301F-11D3-BF4B-00C04F79EFBC}") = "Autorizacion.Flujo", "..\..\SeguridadAPI\Seguridad.MiddlewareAutorizacion\Abstracciones.BW\Autorizacion.Flujo.csproj", "{425B9645-EBE9-705D-DA02-C0C28036D0DB}"
EndProject
Project("{FAE04EC0-301F-11D3-BF4B-00C04F79EFBC}") = "Autorizacion.Abstracciones", "..\..\SeguridadAPI\Seguridad.MiddlewareAutorizacion\Autorizacion.Abstracciones\Autorizacion.Abstracciones.csproj", "{AB6BC18C-8C02-344C-9506-9DDE82DB128B}"
EndProject
Project("{FAE04EC0-301F-11D3-BF4B-00C04F79EFBC}") = "Autorizacion.DA", "..\..\SeguridadAPI\Seguridad.MiddlewareAutorizacion\Autorizacion.DA\Autorizacion.DA.csproj", "{327D578C-6CEB-D3AD-F1BA-CCE91B52BD8C}"
EndProject
Project("{FAE04EC0-301F-11D3-BF4B-00C04F79EFBC}") = "Autorizacion.Middleware", "..\..\SeguridadAPI\Seguridad.MiddlewareAutorizacion\Autorizacion.Middleware\Autorizacion.Middleware.csproj", "{2ECF0DAB-7AC3-2BCE-4831-AF0184111DC1}"
EndProject
Project("{FAE04EC0-301F-11D3-BF4B-00C04F79EFBC}") = "Helpers", "..\..\SeguridadAPI\Seguridad.MiddlewareAutorizacion\Helpers\Helpers.csproj", "{5502CEF8-92B5-D556-8AC6-661BA855BA76}"
EndProject
Global
	GlobalSection(SolutionConfigurationPlatforms) = preSolution
		Debug|Any CPU = Debug|Any CPU
		Release|Any CPU = Release|Any CPU
	EndGlobalSection
	GlobalSection(ProjectConfigurationPlatforms) = postSolution
		{E69C116D-FFC4-46E7-9100-CE236FD8F8E0}.Debug|Any CPU.ActiveCfg = Debug|Any CPU
		{E69C116D-FFC4-46E7-9100-CE236FD8F8E0}.Debug|Any CPU.Build.0 = Debug|Any CPU
		{E69C116D-FFC4-46E7-9100-CE236FD8F8E0}.Release|Any CPU.ActiveCfg = Release|Any CPU
		{E69C116D-FFC4-46E7-9100-CE236FD8F8E0}.Release|Any CPU.Build.0 = Release|Any CPU
		{1D8C92AD-CCB3-4AD0-8D3B-A222893EF44B}.Debug|Any CPU.ActiveCfg = Debug|Any CPU
		{1D8C92AD-CCB3-4AD0-8D3B-A222893EF44B}.Debug|Any CPU.Build.0 = Debug|Any CPU
		{1D8C92AD-CCB3-4AD0-8D3B-A222893EF44B}.Release|Any CPU.ActiveCfg = Release|Any CPU
		{1D8C92AD-CCB3-4AD0-8D3B-A222893EF44B}.Release|Any CPU.Build.0 = Release|Any CPU
		{AA0A50DB-0B29-475C-9350-B9F16868C361}.Debug|Any CPU.ActiveCfg = Debug|Any CPU
		{AA0A50DB-0B29-475C-9350-B9F16868C361}.Debug|Any CPU.Build.0 = Debug|Any CPU
		{AA0A50DB-0B29-475C-9350-B9F16868C361}.Release|Any CPU.ActiveCfg = Release|Any CPU
		{AA0A50DB-0B29-475C-9350-B9F16868C361}.Release|Any CPU.Build.0 = Release|Any CPU
		{2D32DADE-EF31-430E-97D1-6A356EB2316B}.Debug|Any CPU.ActiveCfg = Debug|Any CPU
		{2D32DADE-EF31-430E-97D1-6A356EB2316B}.Debug|Any CPU.Build.0 = Debug|Any CPU
		{2D32DADE-EF31-430E-97D1-6A356EB2316B}.Debug|Any CPU.Deploy.0 = Debug|Any CPU
		{2D32DADE-EF31-430E-97D1-6A356EB2316B}.Release|Any CPU.ActiveCfg = Release|Any CPU
		{2D32DADE-EF31-430E-97D1-6A356EB2316B}.Release|Any CPU.Build.0 = Release|Any CPU
		{2D32DADE-EF31-430E-97D1-6A356EB2316B}.Release|Any CPU.Deploy.0 = Release|Any CPU
		{85B890D7-10DC-4DF9-B93C-17F1D45C1A2E}.Debug|Any CPU.ActiveCfg = Debug|Any CPU
		{85B890D7-10DC-4DF9-B93C-17F1D45C1A2E}.Debug|Any CPU.Build.0 = Debug|Any CPU
		{85B890D7-10DC-4DF9-B93C-17F1D45C1A2E}.Release|Any CPU.ActiveCfg = Release|Any CPU
		{85B890D7-10DC-4DF9-B93C-17F1D45C1A2E}.Release|Any CPU.Build.0 = Release|Any CPU
		{425B9645-EBE9-705D-DA02-C0C28036D0DB}.Debug|Any CPU.ActiveCfg = Debug|Any CPU
		{425B9645-EBE9-705D-DA02-C0C28036D0DB}.Debug|Any CPU.Build.0 = Debug|Any CPU
		{425B9645-EBE9-705D-DA02-C0C28036D0DB}.Release|Any CPU.ActiveCfg = Release|Any CPU
		{425B9645-EBE9-705D-DA02-C0C28036D0DB}.Release|Any CPU.Build.0 = Release|Any CPU
		{AB6BC18C-8C02-344C-9506-9DDE82DB128B}.Debug|Any CPU.ActiveCfg = Debug|Any CPU
		{AB6BC18C-8C02-344C-9506-9DDE82DB128B}.Debug|Any CPU.Build.0 = Debug|Any CPU
		{AB6BC18C-8C02-344C-9506-9DDE82DB128B}.Release|Any CPU.ActiveCfg = Release|Any CPU
		{AB6BC18C-8C02-344C-9506-9DDE82DB128B}.Release|Any CPU.Build.0 = Release|Any CPU
		{327D578C-6CEB-D3AD-F1BA-CCE91B52BD8C}.Debug|Any CPU.ActiveCfg = Debug|Any CPU
		{327D578C-6CEB-D3AD-F1BA-CCE91B52BD8C}.Debug|Any CPU.Build.0 = Debug|Any CPU
		{327D578C-6CEB-D3AD-F1BA-CCE91B52BD8C}.Release|Any CPU.ActiveCfg = Release|Any CPU
		{327D578C-6CEB-D3AD-F1BA-CCE91B52BD8C}.Release|Any CPU.Build.0 = Release|Any CPU
		{2ECF0DAB-7AC3-2BCE-4831-AF0184111DC1}.Debug|Any CPU.ActiveCfg = Debug|Any CPU
		{2ECF0DAB-7AC3-2BCE-4831-AF0184111DC1}.Debug|Any CPU.Build.0 = Debug|Any CPU
		{2ECF0DAB-7AC3-2BCE-4831-AF0184111DC1}.Release|Any CPU.ActiveCfg = Release|Any CPU
		{2ECF0DAB-7AC3-2BCE-4831-AF0184111DC1}.Release|Any CPU.Build.0 = Release|Any CPU
		{5502CEF8-92B5-D556-8AC6-661BA855BA76}.Debug|Any CPU.ActiveCfg = Debug|Any CPU
		{5502CEF8-92B5-D556-8AC6-661BA855BA76}.Debug|Any CPU.Build.0 = Debug|Any CPU
		{5502CEF8-92B5-D556-8AC6-661BA855BA76}.Release|Any CPU.ActiveCfg = Release|Any CPU
		{5502CEF8-92B5-D556-8AC6-661BA855BA76}.Release|Any CPU.Build.0 = Release|Any CPU
	EndGlobalSection
	GlobalSection(SolutionProperties) = preSolution
		HideSolutionNode = FALSE
	EndGlobalSection
	GlobalSection(ExtensibilityGlobals) = postSolution
		SolutionGuid = {E77CAA54-73A6-4E93-BF3D-45B3218331A3}
	EndGlobalSection
EndGlobal
