
Microsoft Visual Studio Solution File, Format Version 12.00
# Visual Studio Version 17
VisualStudioVersion = 17.14.36212.18 d17.14
MinimumVisualStudioVersion = 10.0.40219.1
Project("{FAE04EC0-301F-11D3-BF4B-00C04F79EFBC}") = "Abstracciones", "Abstracciones\Abstracciones.csproj", "{DDD071F0-24DC-4487-BEAE-97E50DB09DE1}"
EndProject
Project("{FAE04EC0-301F-11D3-BF4B-00C04F79EFBC}") = "DA", "DA\DA.csproj", "{7A98FD52-81A6-424B-9F97-6D65AFECC44A}"
EndProject
Project("{FAE04EC0-301F-11D3-BF4B-00C04F79EFBC}") = "Flujo", "Flujo\Flujo.csproj", "{809F9B41-D035-43A1-99A8-64DE1E3F5F35}"
EndProject
Project("{FAE04EC0-301F-11D3-BF4B-00C04F79EFBC}") = "Reglas", "Reglas\Reglas.csproj", "{BEE6B433-BF15-457B-8362-6CB2C02CAF32}"
EndProject
Project("{FAE04EC0-301F-11D3-BF4B-00C04F79EFBC}") = "Servicios", "Servicios\Servicios.csproj", "{8231A094-AA25-40AF-B248-3F7638E77703}"
EndProject
Project("{00D1A9C2-B5F0-4AF3-8072-F6C62B433612}") = "DB", "DB\DB.sqlproj", "{B1006E8A-AF89-44F1-8375-78309E4664A1}"
EndProject
Project("{FAE04EC0-301F-11D3-BF4B-00C04F79EFBC}") = "API", "API\API.csproj", "{3F03470F-97F1-4AEF-93D1-AD6B690241C7}"
EndProject
Global
	GlobalSection(SolutionConfigurationPlatforms) = preSolution
		Debug|Any CPU = Debug|Any CPU
		Release|Any CPU = Release|Any CPU
	EndGlobalSection
	GlobalSection(ProjectConfigurationPlatforms) = postSolution
		{DDD071F0-24DC-4487-BEAE-97E50DB09DE1}.Debug|Any CPU.ActiveCfg = Debug|Any CPU
		{DDD071F0-24DC-4487-BEAE-97E50DB09DE1}.Debug|Any CPU.Build.0 = Debug|Any CPU
		{DDD071F0-24DC-4487-BEAE-97E50DB09DE1}.Release|Any CPU.ActiveCfg = Release|Any CPU
		{DDD071F0-24DC-4487-BEAE-97E50DB09DE1}.Release|Any CPU.Build.0 = Release|Any CPU
		{7A98FD52-81A6-424B-9F97-6D65AFECC44A}.Debug|Any CPU.ActiveCfg = Debug|Any CPU
		{7A98FD52-81A6-424B-9F97-6D65AFECC44A}.Debug|Any CPU.Build.0 = Debug|Any CPU
		{7A98FD52-81A6-424B-9F97-6D65AFECC44A}.Release|Any CPU.ActiveCfg = Release|Any CPU
		{7A98FD52-81A6-424B-9F97-6D65AFECC44A}.Release|Any CPU.Build.0 = Release|Any CPU
		{809F9B41-D035-43A1-99A8-64DE1E3F5F35}.Debug|Any CPU.ActiveCfg = Debug|Any CPU
		{809F9B41-D035-43A1-99A8-64DE1E3F5F35}.Debug|Any CPU.Build.0 = Debug|Any CPU
		{809F9B41-D035-43A1-99A8-64DE1E3F5F35}.Release|Any CPU.ActiveCfg = Release|Any CPU
		{809F9B41-D035-43A1-99A8-64DE1E3F5F35}.Release|Any CPU.Build.0 = Release|Any CPU
		{BEE6B433-BF15-457B-8362-6CB2C02CAF32}.Debug|Any CPU.ActiveCfg = Debug|Any CPU
		{BEE6B433-BF15-457B-8362-6CB2C02CAF32}.Debug|Any CPU.Build.0 = Debug|Any CPU
		{BEE6B433-BF15-457B-8362-6CB2C02CAF32}.Release|Any CPU.ActiveCfg = Release|Any CPU
		{BEE6B433-BF15-457B-8362-6CB2C02CAF32}.Release|Any CPU.Build.0 = Release|Any CPU
		{8231A094-AA25-40AF-B248-3F7638E77703}.Debug|Any CPU.ActiveCfg = Debug|Any CPU
		{8231A094-AA25-40AF-B248-3F7638E77703}.Debug|Any CPU.Build.0 = Debug|Any CPU
		{8231A094-AA25-40AF-B248-3F7638E77703}.Release|Any CPU.ActiveCfg = Release|Any CPU
		{8231A094-AA25-40AF-B248-3F7638E77703}.Release|Any CPU.Build.0 = Release|Any CPU
		{B1006E8A-AF89-44F1-8375-78309E4664A1}.Debug|Any CPU.ActiveCfg = Debug|Any CPU
		{B1006E8A-AF89-44F1-8375-78309E4664A1}.Debug|Any CPU.Build.0 = Debug|Any CPU
		{B1006E8A-AF89-44F1-8375-78309E4664A1}.Debug|Any CPU.Deploy.0 = Debug|Any CPU
		{B1006E8A-AF89-44F1-8375-78309E4664A1}.Release|Any CPU.ActiveCfg = Release|Any CPU
		{B1006E8A-AF89-44F1-8375-78309E4664A1}.Release|Any CPU.Build.0 = Release|Any CPU
		{B1006E8A-AF89-44F1-8375-78309E4664A1}.Release|Any CPU.Deploy.0 = Release|Any CPU
		{3F03470F-97F1-4AEF-93D1-AD6B690241C7}.Debug|Any CPU.ActiveCfg = Debug|Any CPU
		{3F03470F-97F1-4AEF-93D1-AD6B690241C7}.Debug|Any CPU.Build.0 = Debug|Any CPU
		{3F03470F-97F1-4AEF-93D1-AD6B690241C7}.Release|Any CPU.ActiveCfg = Release|Any CPU
		{3F03470F-97F1-4AEF-93D1-AD6B690241C7}.Release|Any CPU.Build.0 = Release|Any CPU
	EndGlobalSection
	GlobalSection(SolutionProperties) = preSolution
		HideSolutionNode = FALSE
	EndGlobalSection
	GlobalSection(ExtensibilityGlobals) = postSolution
		SolutionGuid = {8F9B140E-7A65-492E-8CA8-8E0E3D1566F8}
	EndGlobalSection
EndGlobal
